<?xml version="1.0" encoding="UTF-8" standalone="yes" ?>
<CodeBlocks_project_file>
	<FileVersion major="1" minor="6" />
	<Project>
		<Option title="LibUtil" />
		<Option pch_mode="2" />
		<Option compiler="gcc" />
		<Build>
			<Target title="Debug">
				<Option output="bin/Debug/LibUtil" prefix_auto="1" extension_auto="1" />
				<Option object_output="obj/Debug/" />
				<Option type="1" />
				<Option compiler="gcc" />
				<Compiler>
					<Add option="-g" />
				</Compiler>
			</Target>
			<Target title="Release">
				<Option output="bin/Release/LibUtil" prefix_auto="1" extension_auto="1" />
				<Option object_output="obj/Release/" />
				<Option type="1" />
				<Option compiler="gcc" />
				<Compiler>
					<Add option="-O2" />
				</Compiler>
				<Linker>
					<Add option="-s" />
				</Linker>
			</Target>
			<Target title="DevTest">
				<Option output="bin/DevTest/LibUtil" prefix_auto="1" extension_auto="1" />
				<Option object_output="obj/DevTest/" />
				<Option type="1" />
				<Option compiler="gcc" />
				<Option use_console_runner="0" />
			</Target>
		</Build>
		<Compiler>
			<Add option="-Wall" />
		</Compiler>
		<Unit filename="boolean.h" />
		<Unit filename="err.c">
			<Option compilerVar="CC" />
		</Unit>
		<Unit filename="err.h" />
		<Unit filename="memalloc.c">
			<Option compilerVar="CC" />
		</Unit>
		<Unit filename="memalloc.h" />
		<Unit filename="str_util.c">
			<Option compilerVar="CC" />
		</Unit>
		<Unit filename="str_util.h" />
		<Unit filename="test/maintest.c">
			<Option compilerVar="CC" />
			<Option target="DevTest" />
		</Unit>
		<Extensions>
			<code_completion />
			<envvars />
			<debugger />
			<lib_finder disable_auto="1" />
		</Extensions>
	</Project>
</CodeBlocks_project_file>
